<?xml version="1.0" encoding="utf-8"?>
<Project ToolsVersion="4.0" xmlns="http://schemas.microsoft.com/developer/msbuild/2003">
  <ItemGroup>
    <Filter Include="Header">
      <UniqueIdentifier>{173c827e-50ef-4e95-b966-ff4a37d265f1}</UniqueIdentifier>
    </Filter>
    <Filter Include="Source">
      <UniqueIdentifier>{d4e90437-57c7-4a76-a604-988e3acdc2c3}</UniqueIdentifier>
    </Filter>
    <Filter Include="Configs">
      <UniqueIdentifier>{77b5f1be-0b47-4b40-9586-49a9c09c276d}</UniqueIdentifier>
    </Filter>
    <Filter Include="Header\Behaviors">
      <UniqueIdentifier>{0e7bb9df-034a-481b-97e0-a84af576dce7}</UniqueIdentifier>
    </Filter>
    <Filter Include="Header\GUI">
      <UniqueIdentifier>{0c79a45a-34b9-498f-be1b-66084972921e}</UniqueIdentifier>
    </Filter>
    <Filter Include="Header\Tiles">
      <UniqueIdentifier>{b45023df-a0a5-4c89-8295-927fbc2b9f13}</UniqueIdentifier>
    </Filter>
    <Filter Include="Header\GUI\Powers">
      <UniqueIdentifier>{cb887b06-1382-401a-aefb-dc4d82b3bf94}</UniqueIdentifier>
    </Filter>
    <Filter Include="Header\XmlLib">
      <UniqueIdentifier>{3c949959-1eb3-4df9-b2ae-b509ae01390e}</UniqueIdentifier>
    </Filter>
    <Filter Include="Header\Entities">
      <UniqueIdentifier>{99491ca2-b84f-4c69-8461-e460bb64c9d3}</UniqueIdentifier>
    </Filter>
  </ItemGroup>
  <ItemGroup>
    <ClInclude Include="stdafx.h">
      <Filter>Header</Filter>
    </ClInclude>
    <ClInclude Include="Prefabs.h">
      <Filter>Header</Filter>
    </ClInclude>
    <ClInclude Include="BoardMap.h">
      <Filter>Header</Filter>
    </ClInclude>
    <ClInclude Include="TileState.h">
      <Filter>Header\Behaviors</Filter>
    </ClInclude>
    <ClInclude Include="Constants.h">
      <Filter>Header</Filter>
    </ClInclude>
    <ClInclude Include="GameState.h">
      <Filter>Header\Behaviors</Filter>
    </ClInclude>
    <ClInclude Include="SidebarBahaviour.h">
      <Filter>Header\GUI</Filter>
    </ClInclude>
    <ClInclude Include="Power.h">
      <Filter>Header\GUI\Powers</Filter>
    </ClInclude>
    <ClInclude Include="GhostPower.h">
      <Filter>Header\GUI\Powers</Filter>
    </ClInclude>
    <ClInclude Include="TargetPower.h">
      <Filter>Header\GUI\Powers</Filter>
    </ClInclude>
    <ClInclude Include="PlaceTilePower.h">
      <Filter>Header\GUI\Powers</Filter>
    </ClInclude>
    <ClInclude Include="pugiconfig.hpp">
      <Filter>Header\XmlLib</Filter>
    </ClInclude>
    <ClInclude Include="pugixml.hpp">
      <Filter>Header\XmlLib</Filter>
    </ClInclude>
    <ClInclude Include="CameraControl.h">
      <Filter>Header\Behaviors</Filter>
    </ClInclude>
    <ClInclude Include="FlowTile.h">
      <Filter>Header\Entities</Filter>
    </ClInclude>
    <ClInclude Include="ITurnClient.h">
      <Filter>Header\Behaviors</Filter>
    </ClInclude>
    <ClInclude Include="TileDestroyer.h">
      <Filter>Header\Behaviors</Filter>
    </ClInclude>
  </ItemGroup>
  <ItemGroup>
    <ClCompile Include="Main.cpp">
      <Filter>Source</Filter>
    </ClCompile>
    <ClCompile Include="Prefabs.cpp">
      <Filter>Source</Filter>
    </ClCompile>
    <ClCompile Include="BoardMap.cpp">
      <Filter>Source</Filter>
    </ClCompile>
    <ClCompile Include="TileState.cpp">
      <Filter>Source</Filter>
    </ClCompile>
    <ClCompile Include="GameState.cpp">
      <Filter>Source</Filter>
    </ClCompile>
    <ClCompile Include="SidebarBahaviour.cpp">
      <Filter>Source</Filter>
    </ClCompile>
    <ClCompile Include="Power.cpp">
      <Filter>Source</Filter>
    </ClCompile>
    <ClCompile Include="GhostPower.cpp">
      <Filter>Source</Filter>
    </ClCompile>
    <ClCompile Include="TargetPower.cpp">
      <Filter>Source</Filter>
    </ClCompile>
    <ClCompile Include="PlaceTilePower.cpp">
      <Filter>Source</Filter>
    </ClCompile>
    <ClCompile Include="pugixml.cpp">
      <Filter>Source</Filter>
    </ClCompile>
    <ClCompile Include="CameraControl.cpp">
      <Filter>Source</Filter>
    </ClCompile>
    <ClCompile Include="FlowTile.cpp">
      <Filter>Source</Filter>
    </ClCompile>
    <ClCompile Include="TileDestroyer.cpp">
      <Filter>Source</Filter>
    </ClCompile>
  </ItemGroup>
  <ItemGroup>
    <Text Include="Resources\Configs\MainConfig.ini">
      <Filter>Configs</Filter>
    </Text>
  </ItemGroup>
</Project>